// !$*UTF8*$!
{
	archiveVersion = 1;
	classes = {
	};
	objectVersion = 50;
	objects = {

/* Begin PBXBuildFile section */
		AF166EFC26205DC5000041C4 /* LevelMenu.swift in Sources */ = {isa = PBXBuildFile; fileRef = AF166EFB26205DC5000041C4 /* LevelMenu.swift */; };
		AF166EFF26205FD8000041C4 /* GameScene1.swift in Sources */ = {isa = PBXBuildFile; fileRef = AF166EFE26205FD8000041C4 /* GameScene1.swift */; };
		AF166F0226205FF8000041C4 /* GameScene2.swift in Sources */ = {isa = PBXBuildFile; fileRef = AF166F0126205FF8000041C4 /* GameScene2.swift */; };
		AF166F0726206012000041C4 /* GameScene3.swift in Sources */ = {isa = PBXBuildFile; fileRef = AF166F0626206012000041C4 /* GameScene3.swift */; };
		C3696424263C2820003D434A /* Button.swift in Sources */ = {isa = PBXBuildFile; fileRef = C3696423263C281F003D434A /* Button.swift */; };
		C3696426264484BF003D434A /* Barrage.swift in Sources */ = {isa = PBXBuildFile; fileRef = C3696425264484BF003D434A /* Barrage.swift */; };
		C38C6FE52602A82300AC05F5 /* AppDelegate.swift in Sources */ = {isa = PBXBuildFile; fileRef = C38C6FE42602A82300AC05F5 /* AppDelegate.swift */; };
		C38C6FE72602A82300AC05F5 /* GameScene.sks in Resources */ = {isa = PBXBuildFile; fileRef = C38C6FE62602A82300AC05F5 /* GameScene.sks */; };
		C38C6FE92602A82400AC05F5 /* Actions.sks in Resources */ = {isa = PBXBuildFile; fileRef = C38C6FE82602A82400AC05F5 /* Actions.sks */; };
		C38C6FEB2602A82400AC05F5 /* GameScene.swift in Sources */ = {isa = PBXBuildFile; fileRef = C38C6FEA2602A82400AC05F5 /* GameScene.swift */; };
		C38C6FED2602A82400AC05F5 /* GameViewController.swift in Sources */ = {isa = PBXBuildFile; fileRef = C38C6FEC2602A82400AC05F5 /* GameViewController.swift */; };
		C38C6FF02602A82400AC05F5 /* Main.storyboard in Resources */ = {isa = PBXBuildFile; fileRef = C38C6FEE2602A82400AC05F5 /* Main.storyboard */; };
		C38C6FF22602A82B00AC05F5 /* Assets.xcassets in Resources */ = {isa = PBXBuildFile; fileRef = C38C6FF12602A82B00AC05F5 /* Assets.xcassets */; };
		C38C6FF52602A82B00AC05F5 /* LaunchScreen.storyboard in Resources */ = {isa = PBXBuildFile; fileRef = C38C6FF32602A82B00AC05F5 /* LaunchScreen.storyboard */; };
		C38C70032603ECD500AC05F5 /* StartMenuScene.swift in Sources */ = {isa = PBXBuildFile; fileRef = C38C70022603ECD500AC05F5 /* StartMenuScene.swift */; };
		C3E54A7A264D7CCB00B158A3 /* GameScenePattern.swift in Sources */ = {isa = PBXBuildFile; fileRef = C3E54A79264D7CCB00B158A3 /* GameScenePattern.swift */; };
/* End PBXBuildFile section */

/* Begin PBXFileReference section */
		AF166EFB26205DC5000041C4 /* LevelMenu.swift */ = {isa = PBXFileReference; lastKnownFileType = sourcecode.swift; path = LevelMenu.swift; sourceTree = "<group>"; };
		AF166EFE26205FD8000041C4 /* GameScene1.swift */ = {isa = PBXFileReference; lastKnownFileType = sourcecode.swift; path = GameScene1.swift; sourceTree = "<group>"; };
		AF166F0126205FF8000041C4 /* GameScene2.swift */ = {isa = PBXFileReference; lastKnownFileType = sourcecode.swift; path = GameScene2.swift; sourceTree = "<group>"; };
		AF166F0626206012000041C4 /* GameScene3.swift */ = {isa = PBXFileReference; lastKnownFileType = sourcecode.swift; path = GameScene3.swift; sourceTree = "<group>"; };
		C3696423263C281F003D434A /* Button.swift */ = {isa = PBXFileReference; lastKnownFileType = sourcecode.swift; path = Button.swift; sourceTree = "<group>"; };
		C3696425264484BF003D434A /* Barrage.swift */ = {isa = PBXFileReference; lastKnownFileType = sourcecode.swift; path = Barrage.swift; sourceTree = "<group>"; };
		C38C6FE12602A82300AC05F5 /* piperror.app */ = {isa = PBXFileReference; explicitFileType = wrapper.application; includeInIndex = 0; path = piperror.app; sourceTree = BUILT_PRODUCTS_DIR; };
		C38C6FE42602A82300AC05F5 /* AppDelegate.swift */ = {isa = PBXFileReference; lastKnownFileType = sourcecode.swift; path = AppDelegate.swift; sourceTree = "<group>"; };
		C38C6FE62602A82300AC05F5 /* GameScene.sks */ = {isa = PBXFileReference; lastKnownFileType = file.sks; path = GameScene.sks; sourceTree = "<group>"; };
		C38C6FE82602A82400AC05F5 /* Actions.sks */ = {isa = PBXFileReference; lastKnownFileType = file.sks; path = Actions.sks; sourceTree = "<group>"; };
		C38C6FEA2602A82400AC05F5 /* GameScene.swift */ = {isa = PBXFileReference; lastKnownFileType = sourcecode.swift; path = GameScene.swift; sourceTree = "<group>"; };
		C38C6FEC2602A82400AC05F5 /* GameViewController.swift */ = {isa = PBXFileReference; lastKnownFileType = sourcecode.swift; path = GameViewController.swift; sourceTree = "<group>"; };
		C38C6FEF2602A82400AC05F5 /* Base */ = {isa = PBXFileReference; lastKnownFileType = file.storyboard; name = Base; path = Base.lproj/Main.storyboard; sourceTree = "<group>"; };
		C38C6FF12602A82B00AC05F5 /* Assets.xcassets */ = {isa = PBXFileReference; lastKnownFileType = folder.assetcatalog; path = Assets.xcassets; sourceTree = "<group>"; };
		C38C6FF42602A82B00AC05F5 /* Base */ = {isa = PBXFileReference; lastKnownFileType = file.storyboard; name = Base; path = Base.lproj/LaunchScreen.storyboard; sourceTree = "<group>"; };
		C38C6FF62602A82B00AC05F5 /* Info.plist */ = {isa = PBXFileReference; lastKnownFileType = text.plist.xml; path = Info.plist; sourceTree = "<group>"; };
		C38C70022603ECD500AC05F5 /* StartMenuScene.swift */ = {isa = PBXFileReference; lastKnownFileType = sourcecode.swift; path = StartMenuScene.swift; sourceTree = "<group>"; };
		C3E54A79264D7CCB00B158A3 /* GameScenePattern.swift */ = {isa = PBXFileReference; lastKnownFileType = sourcecode.swift; path = GameScenePattern.swift; sourceTree = "<group>"; };
/* End PBXFileReference section */

/* Begin PBXFrameworksBuildPhase section */
		C38C6FDE2602A82300AC05F5 /* Frameworks */ = {
			isa = PBXFrameworksBuildPhase;
			buildActionMask = 2147483647;
			files = (
			);
			runOnlyForDeploymentPostprocessing = 0;
		};
/* End PBXFrameworksBuildPhase section */

/* Begin PBXGroup section */
		C38C6FD82602A82300AC05F5 = {
			isa = PBXGroup;
			children = (
				C38C6FE32602A82300AC05F5 /* piperror */,
				C38C6FE22602A82300AC05F5 /* Products */,
			);
			sourceTree = "<group>";
		};
		C38C6FE22602A82300AC05F5 /* Products */ = {
			isa = PBXGroup;
			children = (
				C38C6FE12602A82300AC05F5 /* piperror.app */,
			);
			name = Products;
			sourceTree = "<group>";
		};
		C38C6FE32602A82300AC05F5 /* piperror */ = {
			isa = PBXGroup;
			children = (
				C38C6FE42602A82300AC05F5 /* AppDelegate.swift */,
				AF166EFE26205FD8000041C4 /* GameScene1.swift */,
				AF166F0126205FF8000041C4 /* GameScene2.swift */,
				AF166F0626206012000041C4 /* GameScene3.swift */,
				C38C6FE62602A82300AC05F5 /* GameScene.sks */,
				C38C6FE82602A82400AC05F5 /* Actions.sks */,
				C38C6FEA2602A82400AC05F5 /* GameScene.swift */,
				C38C6FEC2602A82400AC05F5 /* GameViewController.swift */,
				C38C6FEE2602A82400AC05F5 /* Main.storyboard */,
				C38C6FF12602A82B00AC05F5 /* Assets.xcassets */,
				C38C6FF32602A82B00AC05F5 /* LaunchScreen.storyboard */,
				C38C6FF62602A82B00AC05F5 /* Info.plist */,
				C38C70022603ECD500AC05F5 /* StartMenuScene.swift */,
				AF166EFB26205DC5000041C4 /* LevelMenu.swift */,
				C3696423263C281F003D434A /* Button.swift */,
				C3696425264484BF003D434A /* Barrage.swift */,
				C3E54A79264D7CCB00B158A3 /* GameScenePattern.swift */,
			);
			path = piperror;
			sourceTree = "<group>";
		};
/* End PBXGroup section */

/* Begin PBXNativeTarget section */
		C38C6FE02602A82300AC05F5 /* piperror */ = {
			isa = PBXNativeTarget;
			buildConfigurationList = C38C6FF92602A82B00AC05F5 /* Build configuration list for PBXNativeTarget "piperror" */;
			buildPhases = (
				C38C6FDD2602A82300AC05F5 /* Sources */,
				C38C6FDE2602A82300AC05F5 /* Frameworks */,
				C38C6FDF2602A82300AC05F5 /* Resources */,
			);
			buildRules = (
			);
			dependencies = (
			);
			name = piperror;
			productName = piperror;
			productReference = C38C6FE12602A82300AC05F5 /* piperror.app */;
			productType = "com.apple.product-type.application";
		};
/* End PBXNativeTarget section */

/* Begin PBXProject section */
		C38C6FD92602A82300AC05F5 /* Project object */ = {
			isa = PBXProject;
			attributes = {
				LastSwiftUpdateCheck = 1110;
				LastUpgradeCheck = 1110;
				ORGANIZATIONNAME = "Панышев Александр Сергеевич";
				TargetAttributes = {
					C38C6FE02602A82300AC05F5 = {
						CreatedOnToolsVersion = 11.1;
					};
				};
			};
			buildConfigurationList = C38C6FDC2602A82300AC05F5 /* Build configuration list for PBXProject "piperror" */;
			compatibilityVersion = "Xcode 9.3";
			developmentRegion = en;
			hasScannedForEncodings = 0;
			knownRegions = (
				en,
				Base,
			);
			mainGroup = C38C6FD82602A82300AC05F5;
			productRefGroup = C38C6FE22602A82300AC05F5 /* Products */;
			projectDirPath = "";
			projectRoot = "";
			targets = (
				C38C6FE02602A82300AC05F5 /* piperror */,
			);
		};
/* End PBXProject section */

/* Begin PBXResourcesBuildPhase section */
		C38C6FDF2602A82300AC05F5 /* Resources */ = {
			isa = PBXResourcesBuildPhase;
			buildActionMask = 2147483647;
			files = (
				C38C6FF02602A82400AC05F5 /* Main.storyboard in Resources */,
				C38C6FE72602A82300AC05F5 /* GameScene.sks in Resources */,
				C38C6FF22602A82B00AC05F5 /* Assets.xcassets in Resources */,
				C38C6FF52602A82B00AC05F5 /* LaunchScreen.storyboard in Resources */,
				C38C6FE92602A82400AC05F5 /* Actions.sks in Resources */,
			);
			runOnlyForDeploymentPostprocessing = 0;
		};
/* End PBXResourcesBuildPhase section */

/* Begin PBXSourcesBuildPhase section */
		C38C6FDD2602A82300AC05F5 /* Sources */ = {
			isa = PBXSourcesBuildPhase;
			buildActionMask = 2147483647;
			files = (
				AF166EFC26205DC5000041C4 /* LevelMenu.swift in Sources */,
				C3E54A7A264D7CCB00B158A3 /* GameScenePattern.swift in Sources */,
				C38C70032603ECD500AC05F5 /* StartMenuScene.swift in Sources */,
				C38C6FEB2602A82400AC05F5 /* GameScene.swift in Sources */,
				AF166F0226205FF8000041C4 /* GameScene2.swift in Sources */,
				C38C6FED2602A82400AC05F5 /* GameViewController.swift in Sources */,
				AF166EFF26205FD8000041C4 /* GameScene1.swift in Sources */,
				C3696426264484BF003D434A /* Barrage.swift in Sources */,
				AF166F0726206012000041C4 /* GameScene3.swift in Sources */,
				C3696424263C2820003D434A /* Button.swift in Sources */,
				C38C6FE52602A82300AC05F5 /* AppDelegate.swift in Sources */,
			);
			runOnlyForDeploymentPostprocessing = 0;
		};
/* End PBXSourcesBuildPhase section */

/* Begin PBXVariantGroup section */
		C38C6FEE2602A82400AC05F5 /* Main.storyboard */ = {
			isa = PBXVariantGroup;
			children = (
				C38C6FEF2602A82400AC05F5 /* Base */,
			);
			name = Main.storyboard;
			sourceTree = "<group>";
		};
		C38C6FF32602A82B00AC05F5 /* LaunchScreen.storyboard */ = {
			isa = PBXVariantGroup;
			children = (
				C38C6FF42602A82B00AC05F5 /* Base */,
			);
			name = LaunchScreen.storyboard;
			sourceTree = "<group>";
		};
/* End PBXVariantGroup section */

/* Begin XCBuildConfiguration section */
		C38C6FF72602A82B00AC05F5 /* Debug */ = {
			isa = XCBuildConfiguration;
			buildSettings = {
				ALWAYS_SEARCH_USER_PATHS = NO;
				CLANG_ANALYZER_NONNULL = YES;
				CLANG_ANALYZER_NUMBER_OBJECT_CONVERSION = YES_AGGRESSIVE;
				CLANG_CXX_LANGUAGE_STANDARD = "gnu++14";
				CLANG_CXX_LIBRARY = "libc++";
				CLANG_ENABLE_MODULES = YES;
				CLANG_ENABLE_OBJC_ARC = YES;
				CLANG_ENABLE_OBJC_WEAK = YES;
				CLANG_WARN_BLOCK_CAPTURE_AUTORELEASING = YES;
				CLANG_WARN_BOOL_CONVERSION = YES;
				CLANG_WARN_COMMA = YES;
				CLANG_WARN_CONSTANT_CONVERSION = YES;
				CLANG_WARN_DEPRECATED_OBJC_IMPLEMENTATIONS = YES;
				CLANG_WARN_DIRECT_OBJC_ISA_USAGE = YES_ERROR;
				CLANG_WARN_DOCUMENTATION_COMMENTS = YES;
				CLANG_WARN_EMPTY_BODY = YES;
				CLANG_WARN_ENUM_CONVERSION = YES;
				CLANG_WARN_INFINITE_RECURSION = YES;
				CLANG_WARN_INT_CONVERSION = YES;
				CLANG_WARN_NON_LITERAL_NULL_CONVERSION = YES;
				CLANG_WARN_OBJC_IMPLICIT_RETAIN_SELF = YES;
				CLANG_WARN_OBJC_LITERAL_CONVERSION = YES;
				CLANG_WARN_OBJC_ROOT_CLASS = YES_ERROR;
				CLANG_WARN_RANGE_LOOP_ANALYSIS = YES;
				CLANG_WARN_STRICT_PROTOTYPES = YES;
				CLANG_WARN_SUSPICIOUS_MOVE = YES;
				CLANG_WARN_UNGUARDED_AVAILABILITY = YES_AGGRESSIVE;
				CLANG_WARN_UNREACHABLE_CODE = YES;
				CLANG_WARN__DUPLICATE_METHOD_MATCH = YES;
				COPY_PHASE_STRIP = NO;
				DEBUG_INFORMATION_FORMAT = dwarf;
				ENABLE_STRICT_OBJC_MSGSEND = YES;
				ENABLE_TESTABILITY = YES;
				GCC_C_LANGUAGE_STANDARD = gnu11;
				GCC_DYNAMIC_NO_PIC = NO;
				GCC_NO_COMMON_BLOCKS = YES;
				GCC_OPTIMIZATION_LEVEL = 0;
				GCC_PREPROCESSOR_DEFINITIONS = (
					"DEBUG=1",
					"$(inherited)",
				);
				GCC_WARN_64_TO_32_BIT_CONVERSION = YES;
				GCC_WARN_ABOUT_RETURN_TYPE = YES_ERROR;
				GCC_WARN_UNDECLARED_SELECTOR = YES;
				GCC_WARN_UNINITIALIZED_AUTOS = YES_AGGRESSIVE;
				GCC_WARN_UNUSED_FUNCTION = YES;
				GCC_WARN_UNUSED_VARIABLE = YES;
				IPHONEOS_DEPLOYMENT_TARGET = 13.1;
				MTL_ENABLE_DEBUG_INFO = INCLUDE_SOURCE;
				MTL_FAST_MATH = YES;
				ONLY_ACTIVE_ARCH = YES;
				SDKROOT = iphoneos;
				SWIFT_ACTIVE_COMPILATION_CONDITIONS = DEBUG;
				SWIFT_OPTIMIZATION_LEVEL = "-Onone";
			};
			name = Debug;
		};
		C38C6FF82602A82B00AC05F5 /* Release */ = {
			isa = XCBuildConfiguration;
			buildSettings = {
				ALWAYS_SEARCH_USER_PATHS = NO;
				CLANG_ANALYZER_NONNULL = YES;
				CLANG_ANALYZER_NUMBER_OBJECT_CONVERSION = YES_AGGRESSIVE;
				CLANG_CXX_LANGUAGE_STANDARD = "gnu++14";
				CLANG_CXX_LIBRARY = "libc++";
				CLANG_ENABLE_MODULES = YES;
				CLANG_ENABLE_OBJC_ARC = YES;
				CLANG_ENABLE_OBJC_WEAK = YES;
				CLANG_WARN_BLOCK_CAPTURE_AUTORELEASING = YES;
				CLANG_WARN_BOOL_CONVERSION = YES;
				CLANG_WARN_COMMA = YES;
				CLANG_WARN_CONSTANT_CONVERSION = YES;
				CLANG_WARN_DEPRECATED_OBJC_IMPLEMENTATIONS = YES;
				CLANG_WARN_DIRECT_OBJC_ISA_USAGE = YES_ERROR;
				CLANG_WARN_DOCUMENTATION_COMMENTS = YES;
				CLANG_WARN_EMPTY_BODY = YES;
				CLANG_WARN_ENUM_CONVERSION = YES;
				CLANG_WARN_INFINITE_RECURSION = YES;
				CLANG_WARN_INT_CONVERSION = YES;
				CLANG_WARN_NON_LITERAL_NULL_CONVERSION = YES;
				CLANG_WARN_OBJC_IMPLICIT_RETAIN_SELF = YES;
				CLANG_WARN_OBJC_LITERAL_CONVERSION = YES;
				CLANG_WARN_OBJC_ROOT_CLASS = YES_ERROR;
				CLANG_WARN_RANGE_LOOP_ANALYSIS = YES;
				CLANG_WARN_STRICT_PROTOTYPES = YES;
				CLANG_WARN_SUSPICIOUS_MOVE = YES;
				CLANG_WARN_UNGUARDED_AVAILABILITY = YES_AGGRESSIVE;
				CLANG_WARN_UNREACHABLE_CODE = YES;
				CLANG_WARN__DUPLICATE_METHOD_MATCH = YES;
				COPY_PHASE_STRIP = NO;
				DEBUG_INFORMATION_FORMAT = "dwarf-with-dsym";
				ENABLE_NS_ASSERTIONS = NO;
				ENABLE_STRICT_OBJC_MSGSEND = YES;
				GCC_C_LANGUAGE_STANDARD = gnu11;
				GCC_NO_COMMON_BLOCKS = YES;
				GCC_WARN_64_TO_32_BIT_CONVERSION = YES;
				GCC_WARN_ABOUT_RETURN_TYPE = YES_ERROR;
				GCC_WARN_UNDECLARED_SELECTOR = YES;
				GCC_WARN_UNINITIALIZED_AUTOS = YES_AGGRESSIVE;
				GCC_WARN_UNUSED_FUNCTION = YES;
				GCC_WARN_UNUSED_VARIABLE = YES;
				IPHONEOS_DEPLOYMENT_TARGET = 13.1;
				MTL_ENABLE_DEBUG_INFO = NO;
				MTL_FAST_MATH = YES;
				SDKROOT = iphoneos;
				SWIFT_COMPILATION_MODE = wholemodule;
				SWIFT_OPTIMIZATION_LEVEL = "-O";
				VALIDATE_PRODUCT = YES;
			};
			name = Release;
		};
		C38C6FFA2602A82B00AC05F5 /* Debug */ = {
			isa = XCBuildConfiguration;
			buildSettings = {
				ASSETCATALOG_COMPILER_APPICON_NAME = AppIcon;
				CODE_SIGN_STYLE = Automatic;
				DEVELOPMENT_TEAM = 2P2JRVNSML;
				INFOPLIST_FILE = piperror/Info.plist;
				LD_RUNPATH_SEARCH_PATHS = (
					"$(inherited)",
					"@executable_path/Frameworks",
				);
				PRODUCT_BUNDLE_IDENTIFIER = org777.piperror;
				PRODUCT_NAME = "$(TARGET_NAME)";
				SWIFT_VERSION = 5.0;
				TARGETED_DEVICE_FAMILY = "1,2";
			};
			name = Debug;
		};
		C38C6FFB2602A82B00AC05F5 /* Release */ = {
			isa = XCBuildConfiguration;
			buildSettings = {
				ASSETCATALOG_COMPILER_APPICON_NAME = AppIcon;
				CODE_SIGN_STYLE = Automatic;
				DEVELOPMENT_TEAM = 2P2JRVNSML;
				INFOPLIST_FILE = piperror/Info.plist;
				LD_RUNPATH_SEARCH_PATHS = (
					"$(inherited)",
					"@executable_path/Frameworks",
				);
				PRODUCT_BUNDLE_IDENTIFIER = org777.piperror;
				PRODUCT_NAME = "$(TARGET_NAME)";
				SWIFT_VERSION = 5.0;
				TARGETED_DEVICE_FAMILY = "1,2";
			};
			name = Release;
		};
/* End XCBuildConfiguration section */

/* Begin XCConfigurationList section */
		C38C6FDC2602A82300AC05F5 /* Build configuration list for PBXProject "piperror" */ = {
			isa = XCConfigurationList;
			buildConfigurations = (
				C38C6FF72602A82B00AC05F5 /* Debug */,
				C38C6FF82602A82B00AC05F5 /* Release */,
			);
			defaultConfigurationIsVisible = 0;
			defaultConfigurationName = Release;
		};
		C38C6FF92602A82B00AC05F5 /* Build configuration list for PBXNativeTarget "piperror" */ = {
			isa = XCConfigurationList;
			buildConfigurations = (
				C38C6FFA2602A82B00AC05F5 /* Debug */,
				C38C6FFB2602A82B00AC05F5 /* Release */,
			);
			defaultConfigurationIsVisible = 0;
			defaultConfigurationName = Release;
		};
/* End XCConfigurationList section */
	};
	rootObject = C38C6FD92602A82300AC05F5 /* Project object */;
}
